
Microsoft Visual Studio Solution File, Format Version 12.00
# Visual Studio Version 17
VisualStudioVersion = 17.5.33516.290
MinimumVisualStudioVersion = 10.0.40219.1
Project("{9A19103F-16F7-4668-BE54-9A1E7A4F7556}") = "UrlShortServer", "UrlShortServer\UrlShortServer.csproj", "{86EDED9A-A410-4490-84E1-D3DF7E16F0BE}"
EndProject
Project("{9A19103F-16F7-4668-BE54-9A1E7A4F7556}") = "UrlShortClient", "UrlShortClient\UrlShortClient.csproj", "{A687DCAC-28A8-4FD7-834D-4F1F5653B96A}"
EndProject
Project("{FAE04EC0-301F-11D3-BF4B-00C04F79EFBC}") = "UrlShortShared", "UrlShortShared\UrlShortShared.csproj", "{3029892B-775D-4A89-AD08-A6B6622C493A}"
EndProject
Global
	GlobalSection(SolutionConfigurationPlatforms) = preSolution
		Debug|Any CPU = Debug|Any CPU
		Release|Any CPU = Release|Any CPU
	EndGlobalSection
	GlobalSection(ProjectConfigurationPlatforms) = postSolution
		{86EDED9A-A410-4490-84E1-D3DF7E16F0BE}.Debug|Any CPU.ActiveCfg = Debug|Any CPU
		{86EDED9A-A410-4490-84E1-D3DF7E16F0BE}.Debug|Any CPU.Build.0 = Debug|Any CPU
		{86EDED9A-A410-4490-84E1-D3DF7E16F0BE}.Release|Any CPU.ActiveCfg = Release|Any CPU
		{86EDED9A-A410-4490-84E1-D3DF7E16F0BE}.Release|Any CPU.Build.0 = Release|Any CPU
		{A687DCAC-28A8-4FD7-834D-4F1F5653B96A}.Debug|Any CPU.ActiveCfg = Debug|Any CPU
		{A687DCAC-28A8-4FD7-834D-4F1F5653B96A}.Debug|Any CPU.Build.0 = Debug|Any CPU
		{A687DCAC-28A8-4FD7-834D-4F1F5653B96A}.Release|Any CPU.ActiveCfg = Release|Any CPU
		{A687DCAC-28A8-4FD7-834D-4F1F5653B96A}.Release|Any CPU.Build.0 = Release|Any CPU
		{3029892B-775D-4A89-AD08-A6B6622C493A}.Debug|Any CPU.ActiveCfg = Debug|Any CPU
		{3029892B-775D-4A89-AD08-A6B6622C493A}.Debug|Any CPU.Build.0 = Debug|Any CPU
		{3029892B-775D-4A89-AD08-A6B6622C493A}.Release|Any CPU.ActiveCfg = Release|Any CPU
		{3029892B-775D-4A89-AD08-A6B6622C493A}.Release|Any CPU.Build.0 = Release|Any CPU
	EndGlobalSection
	GlobalSection(SolutionProperties) = preSolution
		HideSolutionNode = FALSE
	EndGlobalSection
	GlobalSection(ExtensibilityGlobals) = postSolution
		SolutionGuid = {75175161-4D2C-47F3-AE2C-265C9BE0DF6F}
	EndGlobalSection
EndGlobal
